// !$*UTF8*$!
{
	archiveVersion = 1;
	classes = {
	};
	objectVersion = 46;
	objects = {

/* Begin PBXBuildFile section */
		61FC7FA11C96E9FB00B9A669 /* AppDelegate.swift in Sources */ = {isa = PBXBuildFile; fileRef = 61FC7FA01C96E9FB00B9A669 /* AppDelegate.swift */; };
		61FC7FA31C96E9FB00B9A669 /* ViewController.swift in Sources */ = {isa = PBXBuildFile; fileRef = 61FC7FA21C96E9FB00B9A669 /* ViewController.swift */; };
		61FC7FA61C96E9FB00B9A669 /* Main.storyboard in Resources */ = {isa = PBXBuildFile; fileRef = 61FC7FA41C96E9FB00B9A669 /* Main.storyboard */; };
		61FC7FA81C96E9FC00B9A669 /* Assets.xcassets in Resources */ = {isa = PBXBuildFile; fileRef = 61FC7FA71C96E9FC00B9A669 /* Assets.xcassets */; };
		61FC7FAB1C96E9FC00B9A669 /* LaunchScreen.storyboard in Resources */ = {isa = PBXBuildFile; fileRef = 61FC7FA91C96E9FC00B9A669 /* LaunchScreen.storyboard */; };
		61FC7FB31C96ED8700B9A669 /* User.swift in Sources */ = {isa = PBXBuildFile; fileRef = 61FC7FB21C96ED8700B9A669 /* User.swift */; };
		61FC7FB51C96ED9000B9A669 /* FormViewCell.swift in Sources */ = {isa = PBXBuildFile; fileRef = 61FC7FB41C96ED9000B9A669 /* FormViewCell.swift */; };
/* End PBXBuildFile section */

/* Begin PBXFileReference section */
		61FC7F9D1C96E9FB00B9A669 /* MVCExample.app */ = {isa = PBXFileReference; explicitFileType = wrapper.application; includeInIndex = 0; path = MVCExample.app; sourceTree = BUILT_PRODUCTS_DIR; };
		61FC7FA01C96E9FB00B9A669 /* AppDelegate.swift */ = {isa = PBXFileReference; lastKnownFileType = sourcecode.swift; path = AppDelegate.swift; sourceTree = "<group>"; };
		61FC7FA21C96E9FB00B9A669 /* ViewController.swift */ = {isa = PBXFileReference; lastKnownFileType = sourcecode.swift; path = ViewController.swift; sourceTree = "<group>"; };
		61FC7FA51C96E9FB00B9A669 /* Base */ = {isa = PBXFileReference; lastKnownFileType = file.storyboard; name = Base; path = Base.lproj/Main.storyboard; sourceTree = "<group>"; };
		61FC7FA71C96E9FC00B9A669 /* Assets.xcassets */ = {isa = PBXFileReference; lastKnownFileType = folder.assetcatalog; path = Assets.xcassets; sourceTree = "<group>"; };
		61FC7FAA1C96E9FC00B9A669 /* Base */ = {isa = PBXFileReference; lastKnownFileType = file.storyboard; name = Base; path = Base.lproj/LaunchScreen.storyboard; sourceTree = "<group>"; };
		61FC7FAC1C96E9FC00B9A669 /* Info.plist */ = {isa = PBXFileReference; lastKnownFileType = text.plist.xml; path = Info.plist; sourceTree = "<group>"; };
		61FC7FB21C96ED8700B9A669 /* User.swift */ = {isa = PBXFileReference; fileEncoding = 4; lastKnownFileType = sourcecode.swift; path = User.swift; sourceTree = "<group>"; };
		61FC7FB41C96ED9000B9A669 /* FormViewCell.swift */ = {isa = PBXFileReference; fileEncoding = 4; lastKnownFileType = sourcecode.swift; path = FormViewCell.swift; sourceTree = "<group>"; };
/* End PBXFileReference section */

/* Begin PBXFrameworksBuildPhase section */
		61FC7F9A1C96E9FA00B9A669 /* Frameworks */ = {
			isa = PBXFrameworksBuildPhase;
			buildActionMask = 2147483647;
			files = (
			);
			runOnlyForDeploymentPostprocessing = 0;
		};
/* End PBXFrameworksBuildPhase section */

/* Begin PBXGroup section */
		61FC7F941C96E9FA00B9A669 = {
			isa = PBXGroup;
			children = (
				61FC7F9F1C96E9FB00B9A669 /* MVCExample */,
				61FC7F9E1C96E9FB00B9A669 /* Products */,
			);
			sourceTree = "<group>";
		};
		61FC7F9E1C96E9FB00B9A669 /* Products */ = {
			isa = PBXGroup;
			children = (
				61FC7F9D1C96E9FB00B9A669 /* MVCExample.app */,
			);
			name = Products;
			sourceTree = "<group>";
		};
		61FC7F9F1C96E9FB00B9A669 /* MVCExample */ = {
			isa = PBXGroup;
			children = (
				61FC7FA01C96E9FB00B9A669 /* AppDelegate.swift */,
				61FC7FB61C96EF6500B9A669 /* Model */,
				61FC7FB71C96EF6B00B9A669 /* View */,
				61FC7FB81C96EF7000B9A669 /* Controller */,
				61FC7FA41C96E9FB00B9A669 /* Main.storyboard */,
				61FC7FA71C96E9FC00B9A669 /* Assets.xcassets */,
				61FC7FA91C96E9FC00B9A669 /* LaunchScreen.storyboard */,
				61FC7FAC1C96E9FC00B9A669 /* Info.plist */,
			);
			path = MVCExample;
			sourceTree = "<group>";
		};
		61FC7FB61C96EF6500B9A669 /* Model */ = {
			isa = PBXGroup;
			children = (
				61FC7FB21C96ED8700B9A669 /* User.swift */,
			);
			name = Model;
			sourceTree = "<group>";
		};
		61FC7FB71C96EF6B00B9A669 /* View */ = {
			isa = PBXGroup;
			children = (
				61FC7FB41C96ED9000B9A669 /* FormViewCell.swift */,
			);
			name = View;
			sourceTree = "<group>";
		};
		61FC7FB81C96EF7000B9A669 /* Controller */ = {
			isa = PBXGroup;
			children = (
				61FC7FA21C96E9FB00B9A669 /* ViewController.swift */,
			);
			name = Controller;
			sourceTree = "<group>";
		};
/* End PBXGroup section */

/* Begin PBXNativeTarget section */
		61FC7F9C1C96E9FA00B9A669 /* MVCExample */ = {
			isa = PBXNativeTarget;
			buildConfigurationList = 61FC7FAF1C96E9FC00B9A669 /* Build configuration list for PBXNativeTarget "MVCExample" */;
			buildPhases = (
				61FC7F991C96E9FA00B9A669 /* Sources */,
				61FC7F9A1C96E9FA00B9A669 /* Frameworks */,
				61FC7F9B1C96E9FA00B9A669 /* Resources */,
			);
			buildRules = (
			);
			dependencies = (
			);
			name = MVCExample;
			productName = MVCExample;
			productReference = 61FC7F9D1C96E9FB00B9A669 /* MVCExample.app */;
			productType = "com.apple.product-type.application";
		};
/* End PBXNativeTarget section */

/* Begin PBXProject section */
		61FC7F951C96E9FA00B9A669 /* Project object */ = {
			isa = PBXProject;
			attributes = {
				LastSwiftUpdateCheck = 0720;
				LastUpgradeCheck = 0720;
				ORGANIZATIONNAME = Bedots.eu;
				TargetAttributes = {
					61FC7F9C1C96E9FA00B9A669 = {
						CreatedOnToolsVersion = 7.2.1;
					};
				};
			};
			buildConfigurationList = 61FC7F981C96E9FA00B9A669 /* Build configuration list for PBXProject "MVCExample" */;
			compatibilityVersion = "Xcode 3.2";
			developmentRegion = English;
			hasScannedForEncodings = 0;
			knownRegions = (
				en,
				Base,
			);
			mainGroup = 61FC7F941C96E9FA00B9A669;
			productRefGroup = 61FC7F9E1C96E9FB00B9A669 /* Products */;
			projectDirPath = "";
			projectRoot = "";
			targets = (
				61FC7F9C1C96E9FA00B9A669 /* MVCExample */,
			);
		};
/* End PBXProject section */

/* Begin PBXResourcesBuildPhase section */
		61FC7F9B1C96E9FA00B9A669 /* Resources */ = {
			isa = PBXResourcesBuildPhase;
			buildActionMask = 2147483647;
			files = (
				61FC7FAB1C96E9FC00B9A669 /* LaunchScreen.storyboard in Resources */,
				61FC7FA81C96E9FC00B9A669 /* Assets.xcassets in Resources */,
				61FC7FA61C96E9FB00B9A669 /* Main.storyboard in Resources */,
			);
			runOnlyForDeploymentPostprocessing = 0;
		};
/* End PBXResourcesBuildPhase section */

/* Begin PBXSourcesBuildPhase section */
		61FC7F991C96E9FA00B9A669 /* Sources */ = {
			isa = PBXSourcesBuildPhase;
			buildActionMask = 2147483647;
			files = (
				61FC7FB51C96ED9000B9A669 /* FormViewCell.swift in Sources */,
				61FC7FA31C96E9FB00B9A669 /* ViewController.swift in Sources */,
				61FC7FA11C96E9FB00B9A669 /* AppDelegate.swift in Sources */,
				61FC7FB31C96ED8700B9A669 /* User.swift in Sources */,
			);
			runOnlyForDeploymentPostprocessing = 0;
		};
/* End PBXSourcesBuildPhase section */

/* Begin PBXVariantGroup section */
		61FC7FA41C96E9FB00B9A669 /* Main.storyboard */ = {
			isa = PBXVariantGroup;
			children = (
				61FC7FA51C96E9FB00B9A669 /* Base */,
			);
			name = Main.storyboard;
			sourceTree = "<group>";
		};
		61FC7FA91C96E9FC00B9A669 /* LaunchScreen.storyboard */ = {
			isa = PBXVariantGroup;
			children = (
				61FC7FAA1C96E9FC00B9A669 /* Base */,
			);
			name = LaunchScreen.storyboard;
			sourceTree = "<group>";
		};
/* End PBXVariantGroup section */

/* Begin XCBuildConfiguration section */
		61FC7FAD1C96E9FC00B9A669 /* Debug */ = {
			isa = XCBuildConfiguration;
			buildSettings = {
				ALWAYS_SEARCH_USER_PATHS = NO;
				CLANG_CXX_LANGUAGE_STANDARD = "gnu++0x";
				CLANG_CXX_LIBRARY = "libc++";
				CLANG_ENABLE_MODULES = YES;
				CLANG_ENABLE_OBJC_ARC = YES;
				CLANG_WARN_BOOL_CONVERSION = YES;
				CLANG_WARN_CONSTANT_CONVERSION = YES;
				CLANG_WARN_DIRECT_OBJC_ISA_USAGE = YES_ERROR;
				CLANG_WARN_EMPTY_BODY = YES;
				CLANG_WARN_ENUM_CONVERSION = YES;
				CLANG_WARN_INT_CONVERSION = YES;
				CLANG_WARN_OBJC_ROOT_CLASS = YES_ERROR;
				CLANG_WARN_UNREACHABLE_CODE = YES;
				CLANG_WARN__DUPLICATE_METHOD_MATCH = YES;
				"CODE_SIGN_IDENTITY[sdk=iphoneos*]" = "iPhone Developer";
				COPY_PHASE_STRIP = NO;
				DEBUG_INFORMATION_FORMAT = dwarf;
				ENABLE_STRICT_OBJC_MSGSEND = YES;
				ENABLE_TESTABILITY = YES;
				GCC_C_LANGUAGE_STANDARD = gnu99;
				GCC_DYNAMIC_NO_PIC = NO;
				GCC_NO_COMMON_BLOCKS = YES;
				GCC_OPTIMIZATION_LEVEL = 0;
				GCC_PREPROCESSOR_DEFINITIONS = (
					"DEBUG=1",
					"$(inherited)",
				);
				GCC_WARN_64_TO_32_BIT_CONVERSION = YES;
				GCC_WARN_ABOUT_RETURN_TYPE = YES_ERROR;
				GCC_WARN_UNDECLARED_SELECTOR = YES;
				GCC_WARN_UNINITIALIZED_AUTOS = YES_AGGRESSIVE;
				GCC_WARN_UNUSED_FUNCTION = YES;
				GCC_WARN_UNUSED_VARIABLE = YES;
				IPHONEOS_DEPLOYMENT_TARGET = 9.2;
				MTL_ENABLE_DEBUG_INFO = YES;
				ONLY_ACTIVE_ARCH = YES;
				SDKROOT = iphoneos;
				SWIFT_OPTIMIZATION_LEVEL = "-Onone";
			};
			name = Debug;
		};
		61FC7FAE1C96E9FC00B9A669 /* Release */ = {
			isa = XCBuildConfiguration;
			buildSettings = {
				ALWAYS_SEARCH_USER_PATHS = NO;
				CLANG_CXX_LANGUAGE_STANDARD = "gnu++0x";
				CLANG_CXX_LIBRARY = "libc++";
				CLANG_ENABLE_MODULES = YES;
				CLANG_ENABLE_OBJC_ARC = YES;
				CLANG_WARN_BOOL_CONVERSION = YES;
				CLANG_WARN_CONSTANT_CONVERSION = YES;
				CLANG_WARN_DIRECT_OBJC_ISA_USAGE = YES_ERROR;
				CLANG_WARN_EMPTY_BODY = YES;
				CLANG_WARN_ENUM_CONVERSION = YES;
				CLANG_WARN_INT_CONVERSION = YES;
				CLANG_WARN_OBJC_ROOT_CLASS = YES_ERROR;
				CLANG_WARN_UNREACHABLE_CODE = YES;
				CLANG_WARN__DUPLICATE_METHOD_MATCH = YES;
				"CODE_SIGN_IDENTITY[sdk=iphoneos*]" = "iPhone Developer";
				COPY_PHASE_STRIP = NO;
				DEBUG_INFORMATION_FORMAT = "dwarf-with-dsym";
				ENABLE_NS_ASSERTIONS = NO;
				ENABLE_STRICT_OBJC_MSGSEND = YES;
				GCC_C_LANGUAGE_STANDARD = gnu99;
				GCC_NO_COMMON_BLOCKS = YES;
				GCC_WARN_64_TO_32_BIT_CONVERSION = YES;
				GCC_WARN_ABOUT_RETURN_TYPE = YES_ERROR;
				GCC_WARN_UNDECLARED_SELECTOR = YES;
				GCC_WARN_UNINITIALIZED_AUTOS = YES_AGGRESSIVE;
				GCC_WARN_UNUSED_FUNCTION = YES;
				GCC_WARN_UNUSED_VARIABLE = YES;
				IPHONEOS_DEPLOYMENT_TARGET = 9.2;
				MTL_ENABLE_DEBUG_INFO = NO;
				SDKROOT = iphoneos;
				VALIDATE_PRODUCT = YES;
			};
			name = Release;
		};
		61FC7FB01C96E9FC00B9A669 /* Debug */ = {
			isa = XCBuildConfiguration;
			buildSettings = {
				ASSETCATALOG_COMPILER_APPICON_NAME = AppIcon;
				INFOPLIST_FILE = MVCExample/Info.plist;
				LD_RUNPATH_SEARCH_PATHS = "$(inherited) @executable_path/Frameworks";
				PRODUCT_BUNDLE_IDENTIFIER = eu.bedots.MVCExample;
				PRODUCT_NAME = "$(TARGET_NAME)";
			};
			name = Debug;
		};
		61FC7FB11C96E9FC00B9A669 /* Release */ = {
			isa = XCBuildConfiguration;
			buildSettings = {
				ASSETCATALOG_COMPILER_APPICON_NAME = AppIcon;
				INFOPLIST_FILE = MVCExample/Info.plist;
				LD_RUNPATH_SEARCH_PATHS = "$(inherited) @executable_path/Frameworks";
				PRODUCT_BUNDLE_IDENTIFIER = eu.bedots.MVCExample;
				PRODUCT_NAME = "$(TARGET_NAME)";
			};
			name = Release;
		};
/* End XCBuildConfiguration section */

/* Begin XCConfigurationList section */
		61FC7F981C96E9FA00B9A669 /* Build configuration list for PBXProject "MVCExample" */ = {
			isa = XCConfigurationList;
			buildConfigurations = (
				61FC7FAD1C96E9FC00B9A669 /* Debug */,
				61FC7FAE1C96E9FC00B9A669 /* Release */,
			);
			defaultConfigurationIsVisible = 0;
			defaultConfigurationName = Release;
		};
		61FC7FAF1C96E9FC00B9A669 /* Build configuration list for PBXNativeTarget "MVCExample" */ = {
			isa = XCConfigurationList;
			buildConfigurations = (
				61FC7FB01C96E9FC00B9A669 /* Debug */,
				61FC7FB11C96E9FC00B9A669 /* Release */,
			);
			defaultConfigurationIsVisible = 0;
			defaultConfigurationName = Release;
		};
/* End XCConfigurationList section */
	};
	rootObject = 61FC7F951C96E9FA00B9A669 /* Project object */;
}
